
Microsoft Visual Studio Solution File, Format Version 12.00
# Visual Studio Version 17
VisualStudioVersion = 17.9.34728.123
MinimumVisualStudioVersion = 10.0.40219.1
Project("{9A19103F-16F7-4668-BE54-9A1E7A4F7556}") = "AndroidAdMobExample", "AndroidAdMobExample\AndroidAdMobExample.csproj", "{A92CED16-471C-484D-99C3-DD3A67D9D81C}"
EndProject
Project("{9A19103F-16F7-4668-BE54-9A1E7A4F7556}") = "TopDownCarPhysics", "TopDownCarPhysics\TopDownCarPhysics.csproj", "{7D0DF4C4-BF98-47D0-B834-F935E260B1C8}"
EndProject
Project("{9A19103F-16F7-4668-BE54-9A1E7A4F7556}") = "MorpehECSTest", "MorpehECSTest\MorpehECSTest.csproj", "{B96E7501-7A3F-4101-ADD8-D1EE343A8C6C}"
EndProject
Project("{9A19103F-16F7-4668-BE54-9A1E7A4F7556}") = "DependencyInjectionSample", "DependencyInjectionSample\DependencyInjectionSample.csproj", "{F4870320-9D21-4139-87CA-11B5E6D42A51}"
EndProject
Project("{9A19103F-16F7-4668-BE54-9A1E7A4F7556}") = "DotTiledTest", "DotTiledTest\DotTiledTest.csproj", "{BBB5F6B1-116C-4502-8091-6AF18C972521}"
EndProject
Project("{9A19103F-16F7-4668-BE54-9A1E7A4F7556}") = "TiledCSTest", "TiledCSTest\TiledCSTest.csproj", "{217E85DB-1A38-4162-9ACD-83867A18A8AE}"
EndProject
Project("{9A19103F-16F7-4668-BE54-9A1E7A4F7556}") = "AetherPhysicsTest", "AetherPhysicsTest\AetherPhysicsTest.csproj", "{ECAEFAAD-8558-40A9-A454-FFFE32461E6B}"
EndProject
Project("{9A19103F-16F7-4668-BE54-9A1E7A4F7556}") = "DrawingPrimitiveShapes", "DrawingPrimitiveShapes\DrawingPrimitiveShapes.csproj", "{D144A2D7-1062-4A32-B226-56E7CC683ED3}"
EndProject
Project("{9A19103F-16F7-4668-BE54-9A1E7A4F7556}") = "RenderTargetExample", "RenderTargetExample\RenderTargetExample.csproj", "{C1BEC437-F526-40A8-8370-52BE06585B1E}"
EndProject
Project("{9A19103F-16F7-4668-BE54-9A1E7A4F7556}") = "SmoothMovementTest", "SmoothMovementTest\SmoothMovementTest.csproj", "{D512F08E-FE4E-4705-AE92-A3ED91C7C55A}"
EndProject
Project("{9A19103F-16F7-4668-BE54-9A1E7A4F7556}") = "AetherPhysicsDebugViewTest", "AetherPhysicsDebugViewTest\AetherPhysicsDebugViewTest.csproj", "{0B1ABB82-BF88-44ED-891D-855BAAF1D2B8}"
EndProject
Project("{9A19103F-16F7-4668-BE54-9A1E7A4F7556}") = "TiledMapWithCamera", "TiledMapWithCamera\TiledMapWithCamera.csproj", "{B89BD187-E529-41EF-96DE-78980EFA29E7}"
EndProject
Project("{9A19103F-16F7-4668-BE54-9A1E7A4F7556}") = "MarioPlatformerStyleTest", "MarioPlatformerStyleTest\MarioPlatformerStyleTest.csproj", "{86D707A1-3136-4304-8706-FDF8610FE077}"
EndProject
Project("{9A19103F-16F7-4668-BE54-9A1E7A4F7556}") = "OutrunStyleTest", "OutrunStyleTest\OutrunStyleTest.csproj", "{9B40EA21-62DD-4BB5-BD4F-919B8AF8C196}"
EndProject
Project("{FAE04EC0-301F-11D3-BF4B-00C04F79EFBC}") = "TiledMapsAndAetherPhysics", "TiledMapsAndAetherPhysics\TiledMapsAndAetherPhysics.csproj", "{5D8D38AA-4491-4E2C-923C-10CF49CDB8AD}"
EndProject
Project("{FAE04EC0-301F-11D3-BF4B-00C04F79EFBC}") = "Basic3DCubeTest", "Basic3DCubeTest\Basic3DCubeTest.csproj", "{B43705A0-7E03-44C0-B310-D074D89E4A96}"
EndProject
Project("{FAE04EC0-301F-11D3-BF4B-00C04F79EFBC}") = "DungeonMasterStyleDemo", "DungeonMasterStyleDemo\DungeonMasterStyleDemo.csproj", "{807A95AE-2961-4CA1-9E4A-A54847916925}"
EndProject
Project("{FAE04EC0-301F-11D3-BF4B-00C04F79EFBC}") = "IsometricTiledMapDemo", "IsometricTiledMapDemo\IsometricTiledMapDemo.csproj", "{E1947523-BDB9-4D16-A9F0-206621F8C0F3}"
EndProject
Project("{FAE04EC0-301F-11D3-BF4B-00C04F79EFBC}") = "SimpleShaders", "SimpleShaders\SimpleShaders.csproj", "{5756FAFE-EC28-485B-93E0-D51CED8956A0}"
EndProject
Project("{FAE04EC0-301F-11D3-BF4B-00C04F79EFBC}") = "Simple2DLightingWithShaders", "Simple2DLightingWithShaders\Simple2DLightingWithShaders.csproj", "{C7B5C41E-A41D-44BD-916B-FEB9F4D7ADB5}"
EndProject
Project("{FAE04EC0-301F-11D3-BF4B-00C04F79EFBC}") = "AStarPathFindUsingRoyT", "AStarPathFindUsingRoyT\AStarPathFindUsingRoyT.csproj", "{6D5C8594-0A58-4A50-9941-CFE01461C872}"
EndProject
Project("{FAE04EC0-301F-11D3-BF4B-00C04F79EFBC}") = "TinyWingsStyleDemo", "TinyWingsStyleDemo\TinyWingsStyleDemo.csproj", "{73353631-C3F4-4089-A4AE-69D98A78FF65}"
EndProject
Project("{FAE04EC0-301F-11D3-BF4B-00C04F79EFBC}") = "IsometricLightingDemo", "IsometricLightingDemo\IsometricLightingDemo.csproj", "{19AA2BF3-6839-4258-A76F-F76FD1D88FE4}"
EndProject
Project("{FAE04EC0-301F-11D3-BF4B-00C04F79EFBC}") = "Simple2DLightingWithNormalMaps", "Simple2DLightingWithNormalMaps\Simple2DLightingWithNormalMaps.csproj", "{76F85656-C445-425D-947F-BFB5AF293256}"
EndProject
Project("{FAE04EC0-301F-11D3-BF4B-00C04F79EFBC}") = "Basic3DCubeWithShaders", "Basic3DCubeWithShaders\Basic3DCubeWithShaders.csproj", "{F2DDEB94-3D25-417D-88A9-AFCE731A6B69}"
EndProject
Project("{FAE04EC0-301F-11D3-BF4B-00C04F79EFBC}") = "Shared", "Shared\Shared.csproj", "{6EE853B2-CFEA-4260-B3F5-E16F769B8609}"
EndProject
Project("{FAE04EC0-301F-11D3-BF4B-00C04F79EFBC}") = "MonogameExtendedTiledMapDemo", "MonogameExtendedTiledMapDemo\MonogameExtendedTiledMapDemo.csproj", "{29678EB5-03F2-41F5-817A-FE2E57A0BAA5}"
EndProject
Global
	GlobalSection(SolutionConfigurationPlatforms) = preSolution
		Debug|Any CPU = Debug|Any CPU
		Release|Any CPU = Release|Any CPU
	EndGlobalSection
	GlobalSection(ProjectConfigurationPlatforms) = postSolution
		{A92CED16-471C-484D-99C3-DD3A67D9D81C}.Debug|Any CPU.ActiveCfg = Debug|Any CPU
		{A92CED16-471C-484D-99C3-DD3A67D9D81C}.Debug|Any CPU.Build.0 = Debug|Any CPU
		{A92CED16-471C-484D-99C3-DD3A67D9D81C}.Debug|Any CPU.Deploy.0 = Debug|Any CPU
		{A92CED16-471C-484D-99C3-DD3A67D9D81C}.Release|Any CPU.ActiveCfg = Release|Any CPU
		{A92CED16-471C-484D-99C3-DD3A67D9D81C}.Release|Any CPU.Build.0 = Release|Any CPU
		{7D0DF4C4-BF98-47D0-B834-F935E260B1C8}.Debug|Any CPU.ActiveCfg = Debug|Any CPU
		{7D0DF4C4-BF98-47D0-B834-F935E260B1C8}.Debug|Any CPU.Build.0 = Debug|Any CPU
		{7D0DF4C4-BF98-47D0-B834-F935E260B1C8}.Release|Any CPU.ActiveCfg = Release|Any CPU
		{7D0DF4C4-BF98-47D0-B834-F935E260B1C8}.Release|Any CPU.Build.0 = Release|Any CPU
		{B96E7501-7A3F-4101-ADD8-D1EE343A8C6C}.Debug|Any CPU.ActiveCfg = Debug|Any CPU
		{B96E7501-7A3F-4101-ADD8-D1EE343A8C6C}.Debug|Any CPU.Build.0 = Debug|Any CPU
		{B96E7501-7A3F-4101-ADD8-D1EE343A8C6C}.Release|Any CPU.ActiveCfg = Release|Any CPU
		{B96E7501-7A3F-4101-ADD8-D1EE343A8C6C}.Release|Any CPU.Build.0 = Release|Any CPU
		{F4870320-9D21-4139-87CA-11B5E6D42A51}.Debug|Any CPU.ActiveCfg = Debug|Any CPU
		{F4870320-9D21-4139-87CA-11B5E6D42A51}.Debug|Any CPU.Build.0 = Debug|Any CPU
		{F4870320-9D21-4139-87CA-11B5E6D42A51}.Release|Any CPU.ActiveCfg = Release|Any CPU
		{F4870320-9D21-4139-87CA-11B5E6D42A51}.Release|Any CPU.Build.0 = Release|Any CPU
		{BBB5F6B1-116C-4502-8091-6AF18C972521}.Debug|Any CPU.ActiveCfg = Debug|Any CPU
		{BBB5F6B1-116C-4502-8091-6AF18C972521}.Debug|Any CPU.Build.0 = Debug|Any CPU
		{BBB5F6B1-116C-4502-8091-6AF18C972521}.Release|Any CPU.ActiveCfg = Release|Any CPU
		{BBB5F6B1-116C-4502-8091-6AF18C972521}.Release|Any CPU.Build.0 = Release|Any CPU
		{217E85DB-1A38-4162-9ACD-83867A18A8AE}.Debug|Any CPU.ActiveCfg = Debug|Any CPU
		{217E85DB-1A38-4162-9ACD-83867A18A8AE}.Debug|Any CPU.Build.0 = Debug|Any CPU
		{217E85DB-1A38-4162-9ACD-83867A18A8AE}.Release|Any CPU.ActiveCfg = Release|Any CPU
		{217E85DB-1A38-4162-9ACD-83867A18A8AE}.Release|Any CPU.Build.0 = Release|Any CPU
		{ECAEFAAD-8558-40A9-A454-FFFE32461E6B}.Debug|Any CPU.ActiveCfg = Debug|Any CPU
		{ECAEFAAD-8558-40A9-A454-FFFE32461E6B}.Debug|Any CPU.Build.0 = Debug|Any CPU
		{ECAEFAAD-8558-40A9-A454-FFFE32461E6B}.Release|Any CPU.ActiveCfg = Release|Any CPU
		{ECAEFAAD-8558-40A9-A454-FFFE32461E6B}.Release|Any CPU.Build.0 = Release|Any CPU
		{D144A2D7-1062-4A32-B226-56E7CC683ED3}.Debug|Any CPU.ActiveCfg = Debug|Any CPU
		{D144A2D7-1062-4A32-B226-56E7CC683ED3}.Debug|Any CPU.Build.0 = Debug|Any CPU
		{D144A2D7-1062-4A32-B226-56E7CC683ED3}.Release|Any CPU.ActiveCfg = Release|Any CPU
		{D144A2D7-1062-4A32-B226-56E7CC683ED3}.Release|Any CPU.Build.0 = Release|Any CPU
		{C1BEC437-F526-40A8-8370-52BE06585B1E}.Debug|Any CPU.ActiveCfg = Debug|Any CPU
		{C1BEC437-F526-40A8-8370-52BE06585B1E}.Debug|Any CPU.Build.0 = Debug|Any CPU
		{C1BEC437-F526-40A8-8370-52BE06585B1E}.Release|Any CPU.ActiveCfg = Release|Any CPU
		{C1BEC437-F526-40A8-8370-52BE06585B1E}.Release|Any CPU.Build.0 = Release|Any CPU
		{D512F08E-FE4E-4705-AE92-A3ED91C7C55A}.Debug|Any CPU.ActiveCfg = Debug|Any CPU
		{D512F08E-FE4E-4705-AE92-A3ED91C7C55A}.Debug|Any CPU.Build.0 = Debug|Any CPU
		{D512F08E-FE4E-4705-AE92-A3ED91C7C55A}.Release|Any CPU.ActiveCfg = Release|Any CPU
		{D512F08E-FE4E-4705-AE92-A3ED91C7C55A}.Release|Any CPU.Build.0 = Release|Any CPU
		{0B1ABB82-BF88-44ED-891D-855BAAF1D2B8}.Debug|Any CPU.ActiveCfg = Debug|Any CPU
		{0B1ABB82-BF88-44ED-891D-855BAAF1D2B8}.Debug|Any CPU.Build.0 = Debug|Any CPU
		{0B1ABB82-BF88-44ED-891D-855BAAF1D2B8}.Release|Any CPU.ActiveCfg = Release|Any CPU
		{0B1ABB82-BF88-44ED-891D-855BAAF1D2B8}.Release|Any CPU.Build.0 = Release|Any CPU
		{B89BD187-E529-41EF-96DE-78980EFA29E7}.Debug|Any CPU.ActiveCfg = Debug|Any CPU
		{B89BD187-E529-41EF-96DE-78980EFA29E7}.Debug|Any CPU.Build.0 = Debug|Any CPU
		{B89BD187-E529-41EF-96DE-78980EFA29E7}.Release|Any CPU.ActiveCfg = Release|Any CPU
		{B89BD187-E529-41EF-96DE-78980EFA29E7}.Release|Any CPU.Build.0 = Release|Any CPU
		{86D707A1-3136-4304-8706-FDF8610FE077}.Debug|Any CPU.ActiveCfg = Debug|Any CPU
		{86D707A1-3136-4304-8706-FDF8610FE077}.Debug|Any CPU.Build.0 = Debug|Any CPU
		{86D707A1-3136-4304-8706-FDF8610FE077}.Release|Any CPU.ActiveCfg = Release|Any CPU
		{86D707A1-3136-4304-8706-FDF8610FE077}.Release|Any CPU.Build.0 = Release|Any CPU
		{9B40EA21-62DD-4BB5-BD4F-919B8AF8C196}.Debug|Any CPU.ActiveCfg = Debug|Any CPU
		{9B40EA21-62DD-4BB5-BD4F-919B8AF8C196}.Debug|Any CPU.Build.0 = Debug|Any CPU
		{9B40EA21-62DD-4BB5-BD4F-919B8AF8C196}.Release|Any CPU.ActiveCfg = Release|Any CPU
		{9B40EA21-62DD-4BB5-BD4F-919B8AF8C196}.Release|Any CPU.Build.0 = Release|Any CPU
		{5D8D38AA-4491-4E2C-923C-10CF49CDB8AD}.Debug|Any CPU.ActiveCfg = Debug|Any CPU
		{5D8D38AA-4491-4E2C-923C-10CF49CDB8AD}.Debug|Any CPU.Build.0 = Debug|Any CPU
		{5D8D38AA-4491-4E2C-923C-10CF49CDB8AD}.Release|Any CPU.ActiveCfg = Release|Any CPU
		{5D8D38AA-4491-4E2C-923C-10CF49CDB8AD}.Release|Any CPU.Build.0 = Release|Any CPU
		{B43705A0-7E03-44C0-B310-D074D89E4A96}.Debug|Any CPU.ActiveCfg = Debug|Any CPU
		{B43705A0-7E03-44C0-B310-D074D89E4A96}.Debug|Any CPU.Build.0 = Debug|Any CPU
		{B43705A0-7E03-44C0-B310-D074D89E4A96}.Release|Any CPU.ActiveCfg = Release|Any CPU
		{B43705A0-7E03-44C0-B310-D074D89E4A96}.Release|Any CPU.Build.0 = Release|Any CPU
		{807A95AE-2961-4CA1-9E4A-A54847916925}.Debug|Any CPU.ActiveCfg = Debug|Any CPU
		{807A95AE-2961-4CA1-9E4A-A54847916925}.Debug|Any CPU.Build.0 = Debug|Any CPU
		{807A95AE-2961-4CA1-9E4A-A54847916925}.Release|Any CPU.ActiveCfg = Release|Any CPU
		{807A95AE-2961-4CA1-9E4A-A54847916925}.Release|Any CPU.Build.0 = Release|Any CPU
		{E1947523-BDB9-4D16-A9F0-206621F8C0F3}.Debug|Any CPU.ActiveCfg = Debug|Any CPU
		{E1947523-BDB9-4D16-A9F0-206621F8C0F3}.Debug|Any CPU.Build.0 = Debug|Any CPU
		{E1947523-BDB9-4D16-A9F0-206621F8C0F3}.Release|Any CPU.ActiveCfg = Release|Any CPU
		{E1947523-BDB9-4D16-A9F0-206621F8C0F3}.Release|Any CPU.Build.0 = Release|Any CPU
		{5756FAFE-EC28-485B-93E0-D51CED8956A0}.Debug|Any CPU.ActiveCfg = Debug|Any CPU
		{5756FAFE-EC28-485B-93E0-D51CED8956A0}.Debug|Any CPU.Build.0 = Debug|Any CPU
		{5756FAFE-EC28-485B-93E0-D51CED8956A0}.Release|Any CPU.ActiveCfg = Release|Any CPU
		{5756FAFE-EC28-485B-93E0-D51CED8956A0}.Release|Any CPU.Build.0 = Release|Any CPU
		{C7B5C41E-A41D-44BD-916B-FEB9F4D7ADB5}.Debug|Any CPU.ActiveCfg = Debug|Any CPU
		{C7B5C41E-A41D-44BD-916B-FEB9F4D7ADB5}.Debug|Any CPU.Build.0 = Debug|Any CPU
		{C7B5C41E-A41D-44BD-916B-FEB9F4D7ADB5}.Release|Any CPU.ActiveCfg = Release|Any CPU
		{C7B5C41E-A41D-44BD-916B-FEB9F4D7ADB5}.Release|Any CPU.Build.0 = Release|Any CPU
		{6D5C8594-0A58-4A50-9941-CFE01461C872}.Debug|Any CPU.ActiveCfg = Debug|Any CPU
		{6D5C8594-0A58-4A50-9941-CFE01461C872}.Debug|Any CPU.Build.0 = Debug|Any CPU
		{6D5C8594-0A58-4A50-9941-CFE01461C872}.Release|Any CPU.ActiveCfg = Release|Any CPU
		{6D5C8594-0A58-4A50-9941-CFE01461C872}.Release|Any CPU.Build.0 = Release|Any CPU
		{73353631-C3F4-4089-A4AE-69D98A78FF65}.Debug|Any CPU.ActiveCfg = Debug|Any CPU
		{73353631-C3F4-4089-A4AE-69D98A78FF65}.Debug|Any CPU.Build.0 = Debug|Any CPU
		{73353631-C3F4-4089-A4AE-69D98A78FF65}.Release|Any CPU.ActiveCfg = Release|Any CPU
		{73353631-C3F4-4089-A4AE-69D98A78FF65}.Release|Any CPU.Build.0 = Release|Any CPU
		{19AA2BF3-6839-4258-A76F-F76FD1D88FE4}.Debug|Any CPU.ActiveCfg = Debug|Any CPU
		{19AA2BF3-6839-4258-A76F-F76FD1D88FE4}.Debug|Any CPU.Build.0 = Debug|Any CPU
		{19AA2BF3-6839-4258-A76F-F76FD1D88FE4}.Release|Any CPU.ActiveCfg = Release|Any CPU
		{19AA2BF3-6839-4258-A76F-F76FD1D88FE4}.Release|Any CPU.Build.0 = Release|Any CPU
		{76F85656-C445-425D-947F-BFB5AF293256}.Debug|Any CPU.ActiveCfg = Debug|Any CPU
		{76F85656-C445-425D-947F-BFB5AF293256}.Debug|Any CPU.Build.0 = Debug|Any CPU
		{76F85656-C445-425D-947F-BFB5AF293256}.Release|Any CPU.ActiveCfg = Release|Any CPU
		{76F85656-C445-425D-947F-BFB5AF293256}.Release|Any CPU.Build.0 = Release|Any CPU
		{F2DDEB94-3D25-417D-88A9-AFCE731A6B69}.Debug|Any CPU.ActiveCfg = Debug|Any CPU
		{F2DDEB94-3D25-417D-88A9-AFCE731A6B69}.Debug|Any CPU.Build.0 = Debug|Any CPU
		{F2DDEB94-3D25-417D-88A9-AFCE731A6B69}.Release|Any CPU.ActiveCfg = Release|Any CPU
		{F2DDEB94-3D25-417D-88A9-AFCE731A6B69}.Release|Any CPU.Build.0 = Release|Any CPU
		{6EE853B2-CFEA-4260-B3F5-E16F769B8609}.Debug|Any CPU.ActiveCfg = Debug|Any CPU
		{6EE853B2-CFEA-4260-B3F5-E16F769B8609}.Debug|Any CPU.Build.0 = Debug|Any CPU
		{6EE853B2-CFEA-4260-B3F5-E16F769B8609}.Release|Any CPU.ActiveCfg = Release|Any CPU
		{6EE853B2-CFEA-4260-B3F5-E16F769B8609}.Release|Any CPU.Build.0 = Release|Any CPU
		{29678EB5-03F2-41F5-817A-FE2E57A0BAA5}.Debug|Any CPU.ActiveCfg = Debug|Any CPU
		{29678EB5-03F2-41F5-817A-FE2E57A0BAA5}.Debug|Any CPU.Build.0 = Debug|Any CPU
		{29678EB5-03F2-41F5-817A-FE2E57A0BAA5}.Release|Any CPU.ActiveCfg = Release|Any CPU
		{29678EB5-03F2-41F5-817A-FE2E57A0BAA5}.Release|Any CPU.Build.0 = Release|Any CPU
	EndGlobalSection
	GlobalSection(SolutionProperties) = preSolution
		HideSolutionNode = FALSE
	EndGlobalSection
	GlobalSection(ExtensibilityGlobals) = postSolution
		SolutionGuid = {CE2643CB-EF1D-4EFA-B0A5-2A0888CE934B}
	EndGlobalSection
EndGlobal
